
Microsoft Visual Studio Solution File, Format Version 12.00
# Visual Studio Version 16
VisualStudioVersion = 16.0.33920.266
MinimumVisualStudioVersion = 10.0.40219.1
Project("{FAE04EC0-301F-11D3-BF4B-00C04F79EFBC}") = "CadeirasDePraiaPJ", "CadeirasDePraiaPJ\CadeirasDePraiaPJ.csproj", "{A628E045-E40E-4E2E-B996-E6656D6F3E03}"
EndProject
Global
	GlobalSection(SolutionConfigurationPlatforms) = preSolution
		Debug|Any CPU = Debug|Any CPU
		Release|Any CPU = Release|Any CPU
	EndGlobalSection
	GlobalSection(ProjectConfigurationPlatforms) = postSolution
		{A628E045-E40E-4E2E-B996-E6656D6F3E03}.Debug|Any CPU.ActiveCfg = Debug|Any CPU
		{A628E045-E40E-4E2E-B996-E6656D6F3E03}.Debug|Any CPU.Build.0 = Debug|Any CPU
		{A628E045-E40E-4E2E-B996-E6656D6F3E03}.Release|Any CPU.ActiveCfg = Release|Any CPU
		{A628E045-E40E-4E2E-B996-E6656D6F3E03}.Release|Any CPU.Build.0 = Release|Any CPU
	EndGlobalSection
	GlobalSection(SolutionProperties) = preSolution
		HideSolutionNode = FALSE
	EndGlobalSection
	GlobalSection(ExtensibilityGlobals) = postSolution
		SolutionGuid = {4B1B2004-11C6-4F2C-9D97-D55E813A89D1}
	EndGlobalSection
EndGlobal
